
Microsoft Visual Studio Solution File, Format Version 12.00
# Visual Studio 15
VisualStudioVersion = 15.0.27703.2047
MinimumVisualStudioVersion = 10.0.40219.1
Project("{FAE04EC0-301F-11D3-BF4B-00C04F79EFBC}") = "Blog", "Blog\Blog.csproj", "{529B1A3B-D5A4-45B1-A1C3-BCF46E4C7BBD}"
EndProject
Global
	GlobalSection(SolutionConfigurationPlatforms) = preSolution
		Debug|Any CPU = Debug|Any CPU
		Release|Any CPU = Release|Any CPU
	EndGlobalSection
	GlobalSection(ProjectConfigurationPlatforms) = postSolution
		{529B1A3B-D5A4-45B1-A1C3-BCF46E4C7BBD}.Debug|Any CPU.ActiveCfg = Debug|Any CPU
		{529B1A3B-D5A4-45B1-A1C3-BCF46E4C7BBD}.Debug|Any CPU.Build.0 = Debug|Any CPU
		{529B1A3B-D5A4-45B1-A1C3-BCF46E4C7BBD}.Release|Any CPU.ActiveCfg = Release|Any CPU
		{529B1A3B-D5A4-45B1-A1C3-BCF46E4C7BBD}.Release|Any CPU.Build.0 = Release|Any CPU
	EndGlobalSection
	GlobalSection(SolutionProperties) = preSolution
		HideSolutionNode = FALSE
	EndGlobalSection
	GlobalSection(ExtensibilityGlobals) = postSolution
		SolutionGuid = {A77C02CE-2EF1-4715-8BC9-6F39506AF029}
	EndGlobalSection
EndGlobal
